version = 1
revision = 3
requires-python = ">=3.14"

[[package]]
name = "cffi"
version = "2.0.0"
source = { registry = "https://pypi.org/simple" }
dependencies = [
    { name = "pycparser", marker = "implementation_name != 'PyPy'" },
]
sdist = { url = "https://files.pythonhosted.org/packages/eb/56/b1ba7935a17738ae8453301356628e8147c79dbb825bcbc73dc7401f9846/cffi-2.0.0.tar.gz", hash = "sha256:44d1b5909021139fe36001ae048dbdde8214afa20200eda0f64c068cac5d5529", size = 523588, upload-time = "2025-09-08T23:24:04.541Z" }
wheels = [
    { url = "https://files.pythonhosted.org/packages/92/c4/3ce07396253a83250ee98564f8d7e9789fab8e58858f35d07a9a2c78de9f/cffi-2.0.0-cp314-cp314-macosx_10_13_x86_64.whl", hash = "sha256:fc33c5141b55ed366cfaad382df24fe7dcbc686de5be719b207bb248e3053dc5", size = 185320, upload-time = "2025-09-08T23:23:18.087Z" },
    { url = "https://files.pythonhosted.org/packages/59/dd/27e9fa567a23931c838c6b02d0764611c62290062a6d4e8ff7863daf9730/cffi-2.0.0-cp314-cp314-macosx_11_0_arm64.whl", hash = "sha256:c654de545946e0db659b3400168c9ad31b5d29593291482c43e3564effbcee13", size = 181487, upload-time = "2025-09-08T23:23:19.622Z" },
    { url = "https://files.pythonhosted.org/packages/d6/43/0e822876f87ea8a4ef95442c3d766a06a51fc5298823f884ef87aaad168c/cffi-2.0.0-cp314-cp314-manylinux2014_aarch64.manylinux_2_17_aarch64.whl", hash = "sha256:24b6f81f1983e6df8db3adc38562c83f7d4a0c36162885ec7f7b77c7dcbec97b", size = 220049, upload-time = "2025-09-08T23:23:20.853Z" },
    { url = "https://files.pythonhosted.org/packages/b4/89/76799151d9c2d2d1ead63c2429da9ea9d7aac304603de0c6e8764e6e8e70/cffi-2.0.0-cp314-cp314-manylinux2014_ppc64le.manylinux_2_17_ppc64le.whl", hash = "sha256:12873ca6cb9b0f0d3a0da705d6086fe911591737a59f28b7936bdfed27c0d47c", size = 207793, upload-time = "2025-09-08T23:23:22.08Z" },
    { url = "https://files.pythonhosted.org/packages/bb/dd/3465b14bb9e24ee24cb88c9e3730f6de63111fffe513492bf8c808a3547e/cffi-2.0.0-cp314-cp314-manylinux2014_s390x.manylinux_2_17_s390x.whl", hash = "sha256:d9b97165e8aed9272a6bb17c01e3cc5871a594a446ebedc996e2397a1c1ea8ef", size = 206300, upload-time = "2025-09-08T23:23:23.314Z" },
    { url = "https://files.pythonhosted.org/packages/47/d9/d83e293854571c877a92da46fdec39158f8d7e68da75bf73581225d28e90/cffi-2.0.0-cp314-cp314-manylinux2014_x86_64.manylinux_2_17_x86_64.whl", hash = "sha256:afb8db5439b81cf9c9d0c80404b60c3cc9c3add93e114dcae767f1477cb53775", size = 219244, upload-time = "2025-09-08T23:23:24.541Z" },
    { url = "https://files.pythonhosted.org/packages/2b/0f/1f177e3683aead2bb00f7679a16451d302c436b5cbf2505f0ea8146ef59e/cffi-2.0.0-cp314-cp314-musllinux_1_2_aarch64.whl", hash = "sha256:737fe7d37e1a1bffe70bd5754ea763a62a066dc5913ca57e957824b72a85e205", size = 222828, upload-time = "2025-09-08T23:23:26.143Z" },
    { url = "https://files.pythonhosted.org/packages/c6/0f/cafacebd4b040e3119dcb32fed8bdef8dfe94da653155f9d0b9dc660166e/cffi-2.0.0-cp314-cp314-musllinux_1_2_x86_64.whl", hash = "sha256:38100abb9d1b1435bc4cc340bb4489635dc2f0da7456590877030c9b3d40b0c1", size = 220926, upload-time = "2025-09-08T23:23:27.873Z" },
    { url = "https://files.pythonhosted.org/packages/3e/aa/df335faa45b395396fcbc03de2dfcab242cd61a9900e914fe682a59170b1/cffi-2.0.0-cp314-cp314-win32.whl", hash = "sha256:087067fa8953339c723661eda6b54bc98c5625757ea62e95eb4898ad5e776e9f", size = 175328, upload-time = "2025-09-08T23:23:44.61Z" },
    { url = "https://files.pythonhosted.org/packages/bb/92/882c2d30831744296ce713f0feb4c1cd30f346ef747b530b5318715cc367/cffi-2.0.0-cp314-cp314-win_amd64.whl", hash = "sha256:203a48d1fb583fc7d78a4c6655692963b860a417c0528492a6bc21f1aaefab25", size = 185650, upload-time = "2025-09-08T23:23:45.848Z" },
    { url = "https://files.pythonhosted.org/packages/9f/2c/98ece204b9d35a7366b5b2c6539c350313ca13932143e79dc133ba757104/cffi-2.0.0-cp314-cp314-win_arm64.whl", hash = "sha256:dbd5c7a25a7cb98f5ca55d258b103a2054f859a46ae11aaf23134f9cc0d356ad", size = 180687, upload-time = "2025-09-08T23:23:47.105Z" },
    { url = "https://files.pythonhosted.org/packages/3e/61/c768e4d548bfa607abcda77423448df8c471f25dbe64fb2ef6d555eae006/cffi-2.0.0-cp314-cp314t-macosx_10_13_x86_64.whl", hash = "sha256:9a67fc9e8eb39039280526379fb3a70023d77caec1852002b4da7e8b270c4dd9", size = 188773, upload-time = "2025-09-08T23:23:29.347Z" },
    { url = "https://files.pythonhosted.org/packages/2c/ea/5f76bce7cf6fcd0ab1a1058b5af899bfbef198bea4d5686da88471ea0336/cffi-2.0.0-cp314-cp314t-macosx_11_0_arm64.whl", hash = "sha256:7a66c7204d8869299919db4d5069a82f1561581af12b11b3c9f48c584eb8743d", size = 185013, upload-time = "2025-09-08T23:23:30.63Z" },
    { url = "https://files.pythonhosted.org/packages/be/b4/c56878d0d1755cf9caa54ba71e5d049479c52f9e4afc230f06822162ab2f/cffi-2.0.0-cp314-cp314t-manylinux2014_aarch64.manylinux_2_17_aarch64.whl", hash = "sha256:7cc09976e8b56f8cebd752f7113ad07752461f48a58cbba644139015ac24954c", size = 221593, upload-time = "2025-09-08T23:23:31.91Z" },
    { url = "https://files.pythonhosted.org/packages/e0/0d/eb704606dfe8033e7128df5e90fee946bbcb64a04fcdaa97321309004000/cffi-2.0.0-cp314-cp314t-manylinux2014_ppc64le.manylinux_2_17_ppc64le.whl", hash = "sha256:92b68146a71df78564e4ef48af17551a5ddd142e5190cdf2c5624d0c3ff5b2e8", size = 209354, upload-time = "2025-09-08T23:23:33.214Z" },
    { url = "https://files.pythonhosted.org/packages/d8/19/3c435d727b368ca475fb8742ab97c9cb13a0de600ce86f62eab7fa3eea60/cffi-2.0.0-cp314-cp314t-manylinux2014_s390x.manylinux_2_17_s390x.whl", hash = "sha256:b1e74d11748e7e98e2f426ab176d4ed720a64412b6a15054378afdb71e0f37dc", size = 208480, upload-time = "2025-09-08T23:23:34.495Z" },
    { url = "https://files.pythonhosted.org/packages/d0/44/681604464ed9541673e486521497406fadcc15b5217c3e326b061696899a/cffi-2.0.0-cp314-cp314t-manylinux2014_x86_64.manylinux_2_17_x86_64.whl", hash = "sha256:28a3a209b96630bca57cce802da70c266eb08c6e97e5afd61a75611ee6c64592", size = 221584, upload-time = "2025-09-08T23:23:36.096Z" },
    { url = "https://files.pythonhosted.org/packages/25/8e/342a504ff018a2825d395d44d63a767dd8ebc927ebda557fecdaca3ac33a/cffi-2.0.0-cp314-cp314t-musllinux_1_2_aarch64.whl", hash = "sha256:7553fb2090d71822f02c629afe6042c299edf91ba1bf94951165613553984512", size = 224443, upload-time = "2025-09-08T23:23:37.328Z" },
    { url = "https://files.pythonhosted.org/packages/e1/5e/b666bacbbc60fbf415ba9988324a132c9a7a0448a9a8f125074671c0f2c3/cffi-2.0.0-cp314-cp314t-musllinux_1_2_x86_64.whl", hash = "sha256:6c6c373cfc5c83a975506110d17457138c8c63016b563cc9ed6e056a82f13ce4", size = 223437, upload-time = "2025-09-08T23:23:38.945Z" },
    { url = "https://files.pythonhosted.org/packages/a0/1d/ec1a60bd1a10daa292d3cd6bb0b359a81607154fb8165f3ec95fe003b85c/cffi-2.0.0-cp314-cp314t-win32.whl", hash = "sha256:1fc9ea04857caf665289b7a75923f2c6ed559b8298a1b8c49e59f7dd95c8481e", size = 180487, upload-time = "2025-09-08T23:23:40.423Z" },
    { url = "https://files.pythonhosted.org/packages/bf/41/4c1168c74fac325c0c8156f04b6749c8b6a8f405bbf91413ba088359f60d/cffi-2.0.0-cp314-cp314t-win_amd64.whl", hash = "sha256:d68b6cef7827e8641e8ef16f4494edda8b36104d79773a334beaa1e3521430f6", size = 191726, upload-time = "2025-09-08T23:23:41.742Z" },
    { url = "https://files.pythonhosted.org/packages/ae/3a/dbeec9d1ee0844c679f6bb5d6ad4e9f198b1224f4e7a32825f47f6192b0c/cffi-2.0.0-cp314-cp314t-win_arm64.whl", hash = "sha256:0a1527a803f0a659de1af2e1fd700213caba79377e27e4693648c2923da066f9", size = 184195, upload-time = "2025-09-08T23:23:43.004Z" },
]

[[package]]
name = "darkdetect"
version = "0.8.0"
source = { registry = "https://pypi.org/simple" }
sdist = { url = "https://files.pythonhosted.org/packages/45/77/7575be73bf12dee231d0c6e60ce7fb7a7be4fcd58823374fc59a6e48262e/darkdetect-0.8.0.tar.gz", hash = "sha256:b5428e1170263eb5dea44c25dc3895edd75e6f52300986353cd63533fe7df8b1", size = 7681, upload-time = "2022-12-16T14:14:42.113Z" }
wheels = [
    { url = "https://files.pythonhosted.org/packages/f2/f2/728f041460f1b9739b85ee23b45fa5a505962ea11fd85bdbe2a02b021373/darkdetect-0.8.0-py3-none-any.whl", hash = "sha256:a7509ccf517eaad92b31c214f593dbcf138ea8a43b2935406bbd565e15527a85", size = 8955, upload-time = "2022-12-16T14:14:40.92Z" },
]

[[package]]
name = "fastcrc"
version = "0.3.5"
source = { registry = "https://pypi.org/simple" }
sdist = { url = "https://files.pythonhosted.org/packages/2a/79/0afaff8ff928ce9990ca883998c4ea7a7f07f2dfea3ebd6d65ba2aadfd4e/fastcrc-0.3.5.tar.gz", hash = "sha256:3705cbad6b3f283a04256f97ae899404794395090ff5966eac79fe303c13e93e", size = 11979, upload-time = "2025-12-31T18:23:09.579Z" }
wheels = [
    { url = "https://files.pythonhosted.org/packages/57/aa/845d6257bac319b9c1fe16648f2e3d0efa1bbbaf8a5b7b4977851d8102ae/fastcrc-0.3.5-cp314-cp314-macosx_10_12_x86_64.whl", hash = "sha256:b6507652630bc1076f57fe56f265634df21f811d6882a2723be854c58664318c", size = 255565, upload-time = "2025-12-31T18:21:50.502Z" },
    { url = "https://files.pythonhosted.org/packages/f7/66/f67a5e6bf89fa7de858fd055b5a69f00029c16cabf5dcf9bc750db120257/fastcrc-0.3.5-cp314-cp314-macosx_11_0_arm64.whl", hash = "sha256:0a4c39b9c4a8a37f2fb0a255e3b63b640a5426c0daf3d790399ea85aaabad7f6", size = 251112, upload-time = "2025-12-31T18:21:44.753Z" },
    { url = "https://files.pythonhosted.org/packages/74/a1/c7568f21ad284e68faed0093ccb68bb5d5b248bd08f6241dedfe69ff000b/fastcrc-0.3.5-cp314-cp314-manylinux_2_17_aarch64.manylinux2014_aarch64.whl", hash = "sha256:5d0621722fc4c17bdd7e772fb3fb5384d7c985bb1c8f66256a1dba374e2d12a5", size = 282301, upload-time = "2025-12-31T18:19:53.016Z" },
    { url = "https://files.pythonhosted.org/packages/35/57/da0342f2702e6b50b4d4e5befb2fcd127e82762fe30925b9160eed2184a1/fastcrc-0.3.5-cp314-cp314-manylinux_2_17_armv7l.manylinux2014_armv7l.whl", hash = "sha256:648d63f41da1216ef1143573fef35ad2eb34913496ccec58138c2619b10ea469", size = 289811, upload-time = "2025-12-31T18:20:11.584Z" },
    { url = "https://files.pythonhosted.org/packages/7d/d6/94e24eb87bb02546b2b809a8c05034e1e90df3179a44260451e640533a9c/fastcrc-0.3.5-cp314-cp314-manylinux_2_17_ppc64le.manylinux2014_ppc64le.whl", hash = "sha256:2be6196f5c4a40b7fca04ef0cc176aa30ac2e19206f362b953fe0db00ea76080", size = 406010, upload-time = "2025-12-31T18:20:30.67Z" },
    { url = "https://files.pythonhosted.org/packages/5f/3c/c4d71a07bcba4761db0c8ab70b4cb2d1fbd803f72d97e8cde188bd1cb658/fastcrc-0.3.5-cp314-cp314-manylinux_2_17_s390x.manylinux2014_s390x.whl", hash = "sha256:2c70e985afa6ec16eebaeb0f3d6bfacb46826636f59853f1169e2eb2a336a2c5", size = 307190, upload-time = "2025-12-31T18:21:08.204Z" },
    { url = "https://files.pythonhosted.org/packages/38/7b/bba64d12b0c22d839ddb8cfafae49bb332ae925e839fff2b7752bb20d8dc/fastcrc-0.3.5-cp314-cp314-manylinux_2_17_x86_64.manylinux2014_x86_64.whl", hash = "sha256:562820b556d9d2070948a89cb76c34d6ec777bbcd3f70bdb89638a16b6072964", size = 286376, upload-time = "2025-12-31T18:21:35.986Z" },
    { url = "https://files.pythonhosted.org/packages/ae/f4/4fab9f16bb9e6eb6d0c74f913691c25c6f332761c255edd5f3e22a57bd65/fastcrc-0.3.5-cp314-cp314-manylinux_2_31_riscv64.whl", hash = "sha256:99a333fa78aa32f2a024528828cfad71aa39533f210d121ec3962e70542d857b", size = 290450, upload-time = "2025-12-31T18:20:49.2Z" },
    { url = "https://files.pythonhosted.org/packages/41/2c/d4e4072c39f40c8a8550499722ab2539d1de1f30feb97f637d48d33325c7/fastcrc-0.3.5-cp314-cp314-manylinux_2_5_i686.manylinux1_i686.whl", hash = "sha256:1d752dc2285dc446fdf8e3d6e349a3428f46f7b8f059842bdabbb989332d1f3e", size = 299070, upload-time = "2025-12-31T18:21:23.761Z" },
    { url = "https://files.pythonhosted.org/packages/0d/37/12fe830bdfe3b39367645d5b2f8fb2359dc46e67346e91fdd7b9253ad501/fastcrc-0.3.5-cp314-cp314-musllinux_1_2_aarch64.whl", hash = "sha256:c996c9273c4d3b4c2902852a51b7142bd14a6c750f84bec47778225f7f8952c3", size = 464591, upload-time = "2025-12-31T18:22:00.931Z" },
    { url = "https://files.pythonhosted.org/packages/c3/95/edda45991f71b1ec6022c1649397c1b3d82d45cf3c6323684f9a97a4a9ce/fastcrc-0.3.5-cp314-cp314-musllinux_1_2_armv7l.whl", hash = "sha256:d595809fd266b037c22a22c2d72375c3f572d89200827ecaaa7c002b015b8a2e", size = 559904, upload-time = "2025-12-31T18:22:19.778Z" },
    { url = "https://files.pythonhosted.org/packages/1d/d8/aaeb37ebc079ad945dd3aca3fae0f358d5c05af760305e6b6fef63d1c4c7/fastcrc-0.3.5-cp314-cp314-musllinux_1_2_i686.whl", hash = "sha256:c6ee18383827caee641d22f60be89e0a0220c1d5a00c5e8cbb744aac1d5bc876", size = 518525, upload-time = "2025-12-31T18:22:38.392Z" },
    { url = "https://files.pythonhosted.org/packages/0d/b5/7479aadffc83bb152884f65c8d543e61d2e95592d4ed1e902019fe5b80f2/fastcrc-0.3.5-cp314-cp314-musllinux_1_2_x86_64.whl", hash = "sha256:276591e6828cd4dba70cdfc16450607d742c78119d46060a6cf90ef006a13c71", size = 489362, upload-time = "2025-12-31T18:22:57.322Z" },
    { url = "https://files.pythonhosted.org/packages/6d/4f/4c3af4d4410aff8eef2077425406ddb20ccd3eb8b0fb5d6b6bd5fd2510a3/fastcrc-0.3.5-cp314-cp314-win32.whl", hash = "sha256:08ade4c88109a21ad098b99a9dc51bb3b689f9079828b5e390373414d0868828", size = 139114, upload-time = "2025-12-31T18:23:19.462Z" },
    { url = "https://files.pythonhosted.org/packages/dc/81/c2564781aeb0c7ae8a6554329b2f05b8a84a2376d2c0ba170ed44ddcc78c/fastcrc-0.3.5-cp314-cp314-win_amd64.whl", hash = "sha256:01565a368ce5fe8a8578992601575313027fb16f55cf3e62c339ae89ccd6ccd2", size = 147063, upload-time = "2025-12-31T18:23:17.152Z" },
    { url = "https://files.pythonhosted.org/packages/33/79/277500a3ac37b3adf2b1c7ab59ddb72587104b7edb5d1a44f9b0a5af4704/fastcrc-0.3.5-cp314-cp314t-manylinux_2_17_aarch64.manylinux2014_aarch64.whl", hash = "sha256:d169f76f8f6330ef4741eadda4cba8f0254c3ec472ed80ebb98d35fc50227d7c", size = 281969, upload-time = "2025-12-31T18:19:54.201Z" },
    { url = "https://files.pythonhosted.org/packages/08/d3/fe850eaf2e4b9be41fa4ae76c4d02bdf809a382d0d7b63cf71d84b47ecca/fastcrc-0.3.5-cp314-cp314t-manylinux_2_17_armv7l.manylinux2014_armv7l.whl", hash = "sha256:d45e1940d5439f2f6fa1f8f1e4202861fb77335c7432f3fc197960af0c6f335d", size = 289745, upload-time = "2025-12-31T18:20:13.831Z" },
    { url = "https://files.pythonhosted.org/packages/f9/7e/ec4f384a15a95bbad15e359d9d63294c4842eee08f5c576ee22ff3c45035/fastcrc-0.3.5-cp314-cp314t-manylinux_2_17_ppc64le.manylinux2014_ppc64le.whl", hash = "sha256:c8527fded11884789b0ecb9b7d93d9093e38dbfc47d4daefa948447e2397d10b", size = 407620, upload-time = "2025-12-31T18:20:31.987Z" },
    { url = "https://files.pythonhosted.org/packages/98/b8/feb49bf3a2539df193481915653da52a442395c35ffeaf1deb0a649bae87/fastcrc-0.3.5-cp314-cp314t-manylinux_2_17_s390x.manylinux2014_s390x.whl", hash = "sha256:6530a28d45ca0754bbeca3a820ae0cce3ded7f3428ed67b587d3ac8ea45fc4aa", size = 307050, upload-time = "2025-12-31T18:21:09.566Z" },
    { url = "https://files.pythonhosted.org/packages/3c/00/93fe977525ccb06a491490f53042b3682f15e626263917e3e94cd66d877a/fastcrc-0.3.5-cp314-cp314t-manylinux_2_31_riscv64.whl", hash = "sha256:4f1229f339b32987e4ad35ae500564a782ce4e62f260150928c0233f32bb6e83", size = 290287, upload-time = "2025-12-31T18:20:50.443Z" },
    { url = "https://files.pythonhosted.org/packages/d7/e5/0b6ae9ca6cc8ae599ca298e8a42d96febbc69b52d285464bb994f0a682ff/fastcrc-0.3.5-cp314-cp314t-musllinux_1_2_aarch64.whl", hash = "sha256:7d7a56aa52c40d4293230d2751f136346d6a2b392fa2a38fe342754a6d9c238e", size = 464193, upload-time = "2025-12-31T18:22:02.338Z" },
    { url = "https://files.pythonhosted.org/packages/4a/97/7d4ed6342b244c30b81daabaa6eac591426e216455205e5c85b8566fcd19/fastcrc-0.3.5-cp314-cp314t-musllinux_1_2_armv7l.whl", hash = "sha256:5816694e6aac595cca7a4331c503ed00a22889e0f97a0fa82779ed27316c90ee", size = 559728, upload-time = "2025-12-31T18:22:21.143Z" },
    { url = "https://files.pythonhosted.org/packages/eb/4e/b9cac563d0692345bc9e6dfdc7db92695dd1b3b431ac8fe61ec1dbd6d637/fastcrc-0.3.5-cp314-cp314t-musllinux_1_2_i686.whl", hash = "sha256:b598bb000c4290e1eb847ae20a1e07f4ad064d364c2471864fa4c8ccca0f22f6", size = 518422, upload-time = "2025-12-31T18:22:39.747Z" },
    { url = "https://files.pythonhosted.org/packages/a3/58/ef3751447b173ae84d046f90a7dac869b9ff4e11639694f60d8c04f784ea/fastcrc-0.3.5-cp314-cp314t-musllinux_1_2_x86_64.whl", hash = "sha256:56d564c7ec3dc8116c291963834f0925b4a32df1ea53d239fd470fcdde6b80e4", size = 488965, upload-time = "2025-12-31T18:22:59.006Z" },
]

[[package]]
name = "numpy"
version = "2.4.4"
source = { registry = "https://pypi.org/simple" }
sdist = { url = "https://files.pythonhosted.org/packages/d7/9f/b8cef5bffa569759033adda9481211426f12f53299629b410340795c2514/numpy-2.4.4.tar.gz", hash = "sha256:2d390634c5182175533585cc89f3608a4682ccb173cc9bb940b2881c8d6f8fa0", size = 20731587, upload-time = "2026-03-29T13:22:01.298Z" }
wheels = [
    { url = "https://files.pythonhosted.org/packages/6e/06/c54062f85f673dd5c04cbe2f14c3acb8c8b95e3384869bb8cc9bff8cb9df/numpy-2.4.4-cp314-cp314-macosx_10_15_x86_64.whl", hash = "sha256:f169b9a863d34f5d11b8698ead99febeaa17a13ca044961aa8e2662a6c7766a0", size = 16684353, upload-time = "2026-03-29T13:20:29.504Z" },
    { url = "https://files.pythonhosted.org/packages/4c/39/8a320264a84404c74cc7e79715de85d6130fa07a0898f67fb5cd5bd79908/numpy-2.4.4-cp314-cp314-macosx_11_0_arm64.whl", hash = "sha256:2483e4584a1cb3092da4470b38866634bafb223cbcd551ee047633fd2584599a", size = 14704914, upload-time = "2026-03-29T13:20:33.547Z" },
    { url = "https://files.pythonhosted.org/packages/91/fb/287076b2614e1d1044235f50f03748f31fa287e3dbe6abeb35cdfa351eca/numpy-2.4.4-cp314-cp314-macosx_14_0_arm64.whl", hash = "sha256:2d19e6e2095506d1736b7d80595e0f252d76b89f5e715c35e06e937679ea7d7a", size = 5210005, upload-time = "2026-03-29T13:20:36.45Z" },
    { url = "https://files.pythonhosted.org/packages/63/eb/fcc338595309910de6ecabfcef2419a9ce24399680bfb149421fa2df1280/numpy-2.4.4-cp314-cp314-macosx_14_0_x86_64.whl", hash = "sha256:6a246d5914aa1c820c9443ddcee9c02bec3e203b0c080349533fae17727dfd1b", size = 6544974, upload-time = "2026-03-29T13:20:39.014Z" },
    { url = "https://files.pythonhosted.org/packages/44/5d/e7e9044032a716cdfaa3fba27a8e874bf1c5f1912a1ddd4ed071bf8a14a6/numpy-2.4.4-cp314-cp314-manylinux_2_27_aarch64.manylinux_2_28_aarch64.whl", hash = "sha256:989824e9faf85f96ec9c7761cd8d29c531ad857bfa1daa930cba85baaecf1a9a", size = 15684591, upload-time = "2026-03-29T13:20:42.146Z" },
    { url = "https://files.pythonhosted.org/packages/98/7c/21252050676612625449b4807d6b695b9ce8a7c9e1c197ee6216c8a65c7c/numpy-2.4.4-cp314-cp314-manylinux_2_27_x86_64.manylinux_2_28_x86_64.whl", hash = "sha256:27a8d92cd10f1382a67d7cf4db7ce18341b66438bdd9f691d7b0e48d104c2a9d", size = 16637700, upload-time = "2026-03-29T13:20:46.204Z" },
    { url = "https://files.pythonhosted.org/packages/b1/29/56d2bbef9465db24ef25393383d761a1af4f446a1df9b8cded4fe3a5a5d7/numpy-2.4.4-cp314-cp314-musllinux_1_2_aarch64.whl", hash = "sha256:e44319a2953c738205bf3354537979eaa3998ed673395b964c1176083dd46252", size = 17035781, upload-time = "2026-03-29T13:20:50.242Z" },
    { url = "https://files.pythonhosted.org/packages/e3/2b/a35a6d7589d21f44cea7d0a98de5ddcbb3d421b2622a5c96b1edf18707c3/numpy-2.4.4-cp314-cp314-musllinux_1_2_x86_64.whl", hash = "sha256:e892aff75639bbef0d2a2cfd55535510df26ff92f63c92cd84ef8d4ba5a5557f", size = 18362959, upload-time = "2026-03-29T13:20:54.019Z" },
    { url = "https://files.pythonhosted.org/packages/64/c9/d52ec581f2390e0f5f85cbfd80fb83d965fc15e9f0e1aec2195faa142cde/numpy-2.4.4-cp314-cp314-win32.whl", hash = "sha256:1378871da56ca8943c2ba674530924bb8ca40cd228358a3b5f302ad60cf875fc", size = 6008768, upload-time = "2026-03-29T13:20:56.912Z" },
    { url = "https://files.pythonhosted.org/packages/fa/22/4cc31a62a6c7b74a8730e31a4274c5dc80e005751e277a2ce38e675e4923/numpy-2.4.4-cp314-cp314-win_amd64.whl", hash = "sha256:715d1c092715954784bc79e1174fc2a90093dc4dc84ea15eb14dad8abdcdeb74", size = 12449181, upload-time = "2026-03-29T13:20:59.548Z" },
    { url = "https://files.pythonhosted.org/packages/70/2e/14cda6f4d8e396c612d1bf97f22958e92148801d7e4f110cabebdc0eef4b/numpy-2.4.4-cp314-cp314-win_arm64.whl", hash = "sha256:2c194dd721e54ecad9ad387c1d35e63dce5c4450c6dc7dd5611283dda239aabb", size = 10496035, upload-time = "2026-03-29T13:21:02.524Z" },
    { url = "https://files.pythonhosted.org/packages/b1/e8/8fed8c8d848d7ecea092dc3469643f9d10bc3a134a815a3b033da1d2039b/numpy-2.4.4-cp314-cp314t-macosx_11_0_arm64.whl", hash = "sha256:2aa0613a5177c264ff5921051a5719d20095ea586ca88cc802c5c218d1c67d3e", size = 14824958, upload-time = "2026-03-29T13:21:05.671Z" },
    { url = "https://files.pythonhosted.org/packages/05/1a/d8007a5138c179c2bf33ef44503e83d70434d2642877ee8fbb230e7c0548/numpy-2.4.4-cp314-cp314t-macosx_14_0_arm64.whl", hash = "sha256:42c16925aa5a02362f986765f9ebabf20de75cdefdca827d14315c568dcab113", size = 5330020, upload-time = "2026-03-29T13:21:08.635Z" },
    { url = "https://files.pythonhosted.org/packages/99/64/ffb99ac6ae93faf117bcbd5c7ba48a7f45364a33e8e458545d3633615dda/numpy-2.4.4-cp314-cp314t-macosx_14_0_x86_64.whl", hash = "sha256:874f200b2a981c647340f841730fc3a2b54c9d940566a3c4149099591e2c4c3d", size = 6650758, upload-time = "2026-03-29T13:21:10.949Z" },
    { url = "https://files.pythonhosted.org/packages/6e/6e/795cc078b78a384052e73b2f6281ff7a700e9bf53bcce2ee579d4f6dd879/numpy-2.4.4-cp314-cp314t-manylinux_2_27_aarch64.manylinux_2_28_aarch64.whl", hash = "sha256:c9b39d38a9bd2ae1becd7eac1303d031c5c110ad31f2b319c6e7d98b135c934d", size = 15729948, upload-time = "2026-03-29T13:21:14.047Z" },
    { url = "https://files.pythonhosted.org/packages/5f/86/2acbda8cc2af5f3d7bfc791192863b9e3e19674da7b5e533fded124d1299/numpy-2.4.4-cp314-cp314t-manylinux_2_27_x86_64.manylinux_2_28_x86_64.whl", hash = "sha256:b268594bccac7d7cf5844c7732e3f20c50921d94e36d7ec9b79e9857694b1b2f", size = 16679325, upload-time = "2026-03-29T13:21:17.561Z" },
    { url = "https://files.pythonhosted.org/packages/bc/59/cafd83018f4aa55e0ac6fa92aa066c0a1877b77a615ceff1711c260ffae8/numpy-2.4.4-cp314-cp314t-musllinux_1_2_aarch64.whl", hash = "sha256:ac6b31e35612a26483e20750126d30d0941f949426974cace8e6b5c58a3657b0", size = 17084883, upload-time = "2026-03-29T13:21:21.106Z" },
    { url = "https://files.pythonhosted.org/packages/f0/85/a42548db84e65ece46ab2caea3d3f78b416a47af387fcbb47ec28e660dc2/numpy-2.4.4-cp314-cp314t-musllinux_1_2_x86_64.whl", hash = "sha256:8e3ed142f2728df44263aaf5fb1f5b0b99f4070c553a0d7f033be65338329150", size = 18403474, upload-time = "2026-03-29T13:21:24.828Z" },
    { url = "https://files.pythonhosted.org/packages/ed/ad/483d9e262f4b831000062e5d8a45e342166ec8aaa1195264982bca267e62/numpy-2.4.4-cp314-cp314t-win32.whl", hash = "sha256:dddbbd259598d7240b18c9d87c56a9d2fb3b02fe266f49a7c101532e78c1d871", size = 6155500, upload-time = "2026-03-29T13:21:28.205Z" },
    { url = "https://files.pythonhosted.org/packages/c7/03/2fc4e14c7bd4ff2964b74ba90ecb8552540b6315f201df70f137faa5c589/numpy-2.4.4-cp314-cp314t-win_amd64.whl", hash = "sha256:a7164afb23be6e37ad90b2f10426149fd75aee07ca55653d2aa41e66c4ef697e", size = 12637755, upload-time = "2026-03-29T13:21:31.107Z" },
    { url = "https://files.pythonhosted.org/packages/58/78/548fb8e07b1a341746bfbecb32f2c268470f45fa028aacdbd10d9bc73aab/numpy-2.4.4-cp314-cp314t-win_arm64.whl", hash = "sha256:ba203255017337d39f89bdd58417f03c4426f12beed0440cfd933cb15f8669c7", size = 10566643, upload-time = "2026-03-29T13:21:34.339Z" },
]

[[package]]
name = "pycparser"
version = "3.0"
source = { registry = "https://pypi.org/simple" }
sdist = { url = "https://files.pythonhosted.org/packages/1b/7d/92392ff7815c21062bea51aa7b87d45576f649f16458d78b7cf94b9ab2e6/pycparser-3.0.tar.gz", hash = "sha256:600f49d217304a5902ac3c37e1281c9fe94e4d0489de643a9504c5cdfdfc6b29", size = 103492, upload-time = "2026-01-21T14:26:51.89Z" }
wheels = [
    { url = "https://files.pythonhosted.org/packages/0c/c3/44f3fbbfa403ea2a7c779186dc20772604442dde72947e7d01069cbe98e3/pycparser-3.0-py3-none-any.whl", hash = "sha256:b727414169a36b7d524c1c3e31839a521725078d7b2ff038656844266160a992", size = 48172, upload-time = "2026-01-21T14:26:50.693Z" },
]

[[package]]
name = "scipy"
version = "1.17.1"
source = { registry = "https://pypi.org/simple" }
dependencies = [
    { name = "numpy" },
]
sdist = { url = "https://files.pythonhosted.org/packages/7a/97/5a3609c4f8d58b039179648e62dd220f89864f56f7357f5d4f45c29eb2cc/scipy-1.17.1.tar.gz", hash = "sha256:95d8e012d8cb8816c226aef832200b1d45109ed4464303e997c5b13122b297c0", size = 30573822, upload-time = "2026-02-23T00:26:24.851Z" }
wheels = [
    { url = "https://files.pythonhosted.org/packages/cf/83/333afb452af6f0fd70414dc04f898647ee1423979ce02efa75c3b0f2c28e/scipy-1.17.1-cp314-cp314-macosx_10_14_x86_64.whl", hash = "sha256:a48a72c77a310327f6a3a920092fa2b8fd03d7deaa60f093038f22d98e096717", size = 31584510, upload-time = "2026-02-23T00:21:01.015Z" },
    { url = "https://files.pythonhosted.org/packages/ed/a6/d05a85fd51daeb2e4ea71d102f15b34fedca8e931af02594193ae4fd25f7/scipy-1.17.1-cp314-cp314-macosx_12_0_arm64.whl", hash = "sha256:45abad819184f07240d8a696117a7aacd39787af9e0b719d00285549ed19a1e9", size = 28170131, upload-time = "2026-02-23T00:21:05.888Z" },
    { url = "https://files.pythonhosted.org/packages/db/7b/8624a203326675d7746a254083a187398090a179335b2e4a20e2ddc46e83/scipy-1.17.1-cp314-cp314-macosx_14_0_arm64.whl", hash = "sha256:3fd1fcdab3ea951b610dc4cef356d416d5802991e7e32b5254828d342f7b7e0b", size = 20342032, upload-time = "2026-02-23T00:21:09.904Z" },
    { url = "https://files.pythonhosted.org/packages/c9/35/2c342897c00775d688d8ff3987aced3426858fd89d5a0e26e020b660b301/scipy-1.17.1-cp314-cp314-macosx_14_0_x86_64.whl", hash = "sha256:7bdf2da170b67fdf10bca777614b1c7d96ae3ca5794fd9587dce41eb2966e866", size = 22678766, upload-time = "2026-02-23T00:21:14.313Z" },
    { url = "https://files.pythonhosted.org/packages/ef/f2/7cdb8eb308a1a6ae1e19f945913c82c23c0c442a462a46480ce487fdc0ac/scipy-1.17.1-cp314-cp314-manylinux_2_27_aarch64.manylinux_2_28_aarch64.whl", hash = "sha256:adb2642e060a6549c343603a3851ba76ef0b74cc8c079a9a58121c7ec9fe2350", size = 32957007, upload-time = "2026-02-23T00:21:19.663Z" },
    { url = "https://files.pythonhosted.org/packages/0b/2e/7eea398450457ecb54e18e9d10110993fa65561c4f3add5e8eccd2b9cd41/scipy-1.17.1-cp314-cp314-manylinux_2_27_x86_64.manylinux_2_28_x86_64.whl", hash = "sha256:eee2cfda04c00a857206a4330f0c5e3e56535494e30ca445eb19ec624ae75118", size = 35221333, upload-time = "2026-02-23T00:21:25.278Z" },
    { url = "https://files.pythonhosted.org/packages/d9/77/5b8509d03b77f093a0d52e606d3c4f79e8b06d1d38c441dacb1e26cacf46/scipy-1.17.1-cp314-cp314-musllinux_1_2_aarch64.whl", hash = "sha256:d2650c1fb97e184d12d8ba010493ee7b322864f7d3d00d3f9bb97d9c21de4068", size = 35042066, upload-time = "2026-02-23T00:21:31.358Z" },
    { url = "https://files.pythonhosted.org/packages/f9/df/18f80fb99df40b4070328d5ae5c596f2f00fffb50167e31439e932f29e7d/scipy-1.17.1-cp314-cp314-musllinux_1_2_x86_64.whl", hash = "sha256:08b900519463543aa604a06bec02461558a6e1cef8fdbb8098f77a48a83c8118", size = 37612763, upload-time = "2026-02-23T00:21:37.247Z" },
    { url = "https://files.pythonhosted.org/packages/4b/39/f0e8ea762a764a9dc52aa7dabcfad51a354819de1f0d4652b6a1122424d6/scipy-1.17.1-cp314-cp314-win_amd64.whl", hash = "sha256:3877ac408e14da24a6196de0ddcace62092bfc12a83823e92e49e40747e52c19", size = 37290984, upload-time = "2026-02-23T00:22:35.023Z" },
    { url = "https://files.pythonhosted.org/packages/7c/56/fe201e3b0f93d1a8bcf75d3379affd228a63d7e2d80ab45467a74b494947/scipy-1.17.1-cp314-cp314-win_arm64.whl", hash = "sha256:f8885db0bc2bffa59d5c1b72fad7a6a92d3e80e7257f967dd81abb553a90d293", size = 25192877, upload-time = "2026-02-23T00:22:39.798Z" },
    { url = "https://files.pythonhosted.org/packages/96/ad/f8c414e121f82e02d76f310f16db9899c4fcde36710329502a6b2a3c0392/scipy-1.17.1-cp314-cp314t-macosx_10_14_x86_64.whl", hash = "sha256:1cc682cea2ae55524432f3cdff9e9a3be743d52a7443d0cba9017c23c87ae2f6", size = 31949750, upload-time = "2026-02-23T00:21:42.289Z" },
    { url = "https://files.pythonhosted.org/packages/7c/b0/c741e8865d61b67c81e255f4f0a832846c064e426636cd7de84e74d209be/scipy-1.17.1-cp314-cp314t-macosx_12_0_arm64.whl", hash = "sha256:2040ad4d1795a0ae89bfc7e8429677f365d45aa9fd5e4587cf1ea737f927b4a1", size = 28585858, upload-time = "2026-02-23T00:21:47.706Z" },
    { url = "https://files.pythonhosted.org/packages/ed/1b/3985219c6177866628fa7c2595bfd23f193ceebbe472c98a08824b9466ff/scipy-1.17.1-cp314-cp314t-macosx_14_0_arm64.whl", hash = "sha256:131f5aaea57602008f9822e2115029b55d4b5f7c070287699fe45c661d051e39", size = 20757723, upload-time = "2026-02-23T00:21:52.039Z" },
    { url = "https://files.pythonhosted.org/packages/c0/19/2a04aa25050d656d6f7b9e7b685cc83d6957fb101665bfd9369ca6534563/scipy-1.17.1-cp314-cp314t-macosx_14_0_x86_64.whl", hash = "sha256:9cdc1a2fcfd5c52cfb3045feb399f7b3ce822abdde3a193a6b9a60b3cb5854ca", size = 23043098, upload-time = "2026-02-23T00:21:56.185Z" },
    { url = "https://files.pythonhosted.org/packages/86/f1/3383beb9b5d0dbddd030335bf8a8b32d4317185efe495374f134d8be6cce/scipy-1.17.1-cp314-cp314t-manylinux_2_27_aarch64.manylinux_2_28_aarch64.whl", hash = "sha256:6e3dcd57ab780c741fde8dc68619de988b966db759a3c3152e8e9142c26295ad", size = 33030397, upload-time = "2026-02-23T00:22:01.404Z" },
    { url = "https://files.pythonhosted.org/packages/41/68/8f21e8a65a5a03f25a79165ec9d2b28c00e66dc80546cf5eb803aeeff35b/scipy-1.17.1-cp314-cp314t-manylinux_2_27_x86_64.manylinux_2_28_x86_64.whl", hash = "sha256:a9956e4d4f4a301ebf6cde39850333a6b6110799d470dbbb1e25326ac447f52a", size = 35281163, upload-time = "2026-02-23T00:22:07.024Z" },
    { url = "https://files.pythonhosted.org/packages/84/8d/c8a5e19479554007a5632ed7529e665c315ae7492b4f946b0deb39870e39/scipy-1.17.1-cp314-cp314t-musllinux_1_2_aarch64.whl", hash = "sha256:a4328d245944d09fd639771de275701ccadf5f781ba0ff092ad141e017eccda4", size = 35116291, upload-time = "2026-02-23T00:22:12.585Z" },
    { url = "https://files.pythonhosted.org/packages/52/52/e57eceff0e342a1f50e274264ed47497b59e6a4e3118808ee58ddda7b74a/scipy-1.17.1-cp314-cp314t-musllinux_1_2_x86_64.whl", hash = "sha256:a77cbd07b940d326d39a1d1b37817e2ee4d79cb30e7338f3d0cddffae70fcaa2", size = 37682317, upload-time = "2026-02-23T00:22:18.513Z" },
    { url = "https://files.pythonhosted.org/packages/11/2f/b29eafe4a3fbc3d6de9662b36e028d5f039e72d345e05c250e121a230dd4/scipy-1.17.1-cp314-cp314t-win_amd64.whl", hash = "sha256:eb092099205ef62cd1782b006658db09e2fed75bffcae7cc0d44052d8aa0f484", size = 37345327, upload-time = "2026-02-23T00:22:24.442Z" },
    { url = "https://files.pythonhosted.org/packages/07/39/338d9219c4e87f3e708f18857ecd24d22a0c3094752393319553096b98af/scipy-1.17.1-cp314-cp314t-win_arm64.whl", hash = "sha256:200e1050faffacc162be6a486a984a0497866ec54149a01270adc8a59b7c7d21", size = 25489165, upload-time = "2026-02-23T00:22:29.563Z" },
]

[[package]]
name = "sounddevice"
version = "0.5.5"
source = { registry = "https://pypi.org/simple" }
dependencies = [
    { name = "cffi" },
]
sdist = { url = "https://files.pythonhosted.org/packages/2a/f9/2592608737553638fca98e21e54bfec40bf577bb98a61b2770c912aab25e/sounddevice-0.5.5.tar.gz", hash = "sha256:22487b65198cb5bf2208755105b524f78ad173e5ab6b445bdab1c989f6698df3", size = 143191, upload-time = "2026-01-23T18:36:43.529Z" }
wheels = [
    { url = "https://files.pythonhosted.org/packages/1e/0a/478e441fd049002cf308520c0d62dd8333e7c6cc8d997f0dda07b9fbcc46/sounddevice-0.5.5-py3-none-any.whl", hash = "sha256:30ff99f6c107f49d25ad16a45cacd8d91c25a1bcdd3e81a206b921a3a6405b1f", size = 32807, upload-time = "2026-01-23T18:36:35.649Z" },
    { url = "https://files.pythonhosted.org/packages/56/f9/c037c35f6d0b6bc3bc7bfb314f1d6f1f9a341328ef47cd63fc4f850a7b27/sounddevice-0.5.5-py3-none-macosx_10_6_x86_64.macosx_10_6_universal2.whl", hash = "sha256:05eb9fd6c54c38d67741441c19164c0dae8ce80453af2d8c4ad2e7823d15b722", size = 108557, upload-time = "2026-01-23T18:36:37.41Z" },
    { url = "https://files.pythonhosted.org/packages/88/a1/d19dd9889cd4bce2e233c4fac007cd8daaf5b9fe6e6a5d432cf17be0b807/sounddevice-0.5.5-py3-none-win32.whl", hash = "sha256:1234cc9b4c9df97b6cbe748146ae0ec64dd7d6e44739e8e42eaa5b595313a103", size = 317765, upload-time = "2026-01-23T18:36:39.047Z" },
    { url = "https://files.pythonhosted.org/packages/c3/0e/002ed7c4c1c2ab69031f78989d3b789fee3a7fba9e586eb2b81688bf4961/sounddevice-0.5.5-py3-none-win_amd64.whl", hash = "sha256:cfc6b2c49fb7f555591c78cb8ecf48d6a637fd5b6e1db5fec6ed9365d64b3519", size = 365324, upload-time = "2026-01-23T18:36:40.496Z" },
    { url = "https://files.pythonhosted.org/packages/4e/39/a61d4b83a7746b70d23d9173be688c0c6bfc7173772344b7442c2c155497/sounddevice-0.5.5-py3-none-win_arm64.whl", hash = "sha256:3861901ddd8230d2e0e8ae62ac320cdd4c688d81df89da036dcb812f757bb3e6", size = 317115, upload-time = "2026-01-23T18:36:42.235Z" },
]

[[package]]
name = "sv-ttk"
version = "2.6.1"
source = { registry = "https://pypi.org/simple" }
sdist = { url = "https://files.pythonhosted.org/packages/4e/ca/9625914e7a7e58ce9f0d8d6a5eb29975bab077ce58a36cf86f863d188cd3/sv_ttk-2.6.1.tar.gz", hash = "sha256:47589d5e20398cf404e8362f24f3ed48f3830cd0ace056d83354fa25d8e4fe48", size = 49640, upload-time = "2025-06-08T16:14:21.333Z" }
wheels = [
    { url = "https://files.pythonhosted.org/packages/5b/36/32629d8bab9bccd54a36716a960ba1148fca4c1fd453370dba0b42d712ea/sv_ttk-2.6.1-py3-none-any.whl", hash = "sha256:8ca5944f95431a911986b00c54e7f44608f3f811382cd985fd14bb3e65f95d97", size = 50076, upload-time = "2025-06-08T16:14:20.402Z" },
]

[[package]]
name = "vpe-extract"
version = "0.1.0"
source = { virtual = "." }
dependencies = [
    { name = "darkdetect" },
    { name = "fastcrc" },
    { name = "numpy" },
    { name = "scipy" },
    { name = "sounddevice" },
    { name = "sv-ttk" },
]

[package.metadata]
requires-dist = [
    { name = "darkdetect", specifier = ">=0.8.0" },
    { name = "fastcrc", specifier = ">=0.3.5" },
    { name = "numpy", specifier = ">=2.4.4" },
    { name = "scipy", specifier = ">=1.17.1" },
    { name = "sounddevice", specifier = ">=0.5.5" },
    { name = "sv-ttk", specifier = ">=2.6.1" },
]
